// !$*UTF8*$!
{
	archiveVersion = 1;
	classes = {
	};
	objectVersion = 50;
	objects = {

/* Begin PBXBuildFile section */
		8FCA449E21ED73A400195959 /* AppDelegate.swift in Sources */ = {isa = PBXBuildFile; fileRef = 8FCA449D21ED73A400195959 /* AppDelegate.swift */; };
		8FCA44A321ED73A400195959 /* Main.storyboard in Resources */ = {isa = PBXBuildFile; fileRef = 8FCA44A121ED73A400195959 /* Main.storyboard */; };
		8FCA44A521ED73A500195959 /* Assets.xcassets in Resources */ = {isa = PBXBuildFile; fileRef = 8FCA44A421ED73A500195959 /* Assets.xcassets */; };
		8FCA44A821ED73A500195959 /* LaunchScreen.storyboard in Resources */ = {isa = PBXBuildFile; fileRef = 8FCA44A621ED73A500195959 /* LaunchScreen.storyboard */; };
		8FCA44B021ED746700195959 /* PostitNoteListScreen.swift in Sources */ = {isa = PBXBuildFile; fileRef = 8FCA44AF21ED746700195959 /* PostitNoteListScreen.swift */; };
		8FCA44B421ED772F00195959 /* PostitNote.swift in Sources */ = {isa = PBXBuildFile; fileRef = 8FCA44B321ED772F00195959 /* PostitNote.swift */; };
		8FCA44B621ED784000195959 /* NoteCell.swift in Sources */ = {isa = PBXBuildFile; fileRef = 8FCA44B521ED784000195959 /* NoteCell.swift */; };
/* End PBXBuildFile section */

/* Begin PBXFileReference section */
		8FCA449A21ED73A400195959 /* Scribe-test.app */ = {isa = PBXFileReference; explicitFileType = wrapper.application; includeInIndex = 0; path = "Scribe-test.app"; sourceTree = BUILT_PRODUCTS_DIR; };
		8FCA449D21ED73A400195959 /* AppDelegate.swift */ = {isa = PBXFileReference; lastKnownFileType = sourcecode.swift; path = AppDelegate.swift; sourceTree = "<group>"; };
		8FCA44A221ED73A400195959 /* Base */ = {isa = PBXFileReference; lastKnownFileType = file.storyboard; name = Base; path = Base.lproj/Main.storyboard; sourceTree = "<group>"; };
		8FCA44A421ED73A500195959 /* Assets.xcassets */ = {isa = PBXFileReference; lastKnownFileType = folder.assetcatalog; path = Assets.xcassets; sourceTree = "<group>"; };
		8FCA44A721ED73A500195959 /* Base */ = {isa = PBXFileReference; lastKnownFileType = file.storyboard; name = Base; path = Base.lproj/LaunchScreen.storyboard; sourceTree = "<group>"; };
		8FCA44A921ED73A500195959 /* Info.plist */ = {isa = PBXFileReference; lastKnownFileType = text.plist.xml; path = Info.plist; sourceTree = "<group>"; };
		8FCA44AF21ED746700195959 /* PostitNoteListScreen.swift */ = {isa = PBXFileReference; lastKnownFileType = sourcecode.swift; path = PostitNoteListScreen.swift; sourceTree = "<group>"; };
		8FCA44B321ED772F00195959 /* PostitNote.swift */ = {isa = PBXFileReference; lastKnownFileType = sourcecode.swift; path = PostitNote.swift; sourceTree = "<group>"; };
		8FCA44B521ED784000195959 /* NoteCell.swift */ = {isa = PBXFileReference; lastKnownFileType = sourcecode.swift; path = NoteCell.swift; sourceTree = "<group>"; };
/* End PBXFileReference section */

/* Begin PBXFrameworksBuildPhase section */
		8FCA449721ED73A400195959 /* Frameworks */ = {
			isa = PBXFrameworksBuildPhase;
			buildActionMask = 2147483647;
			files = (
			);
			runOnlyForDeploymentPostprocessing = 0;
		};
/* End PBXFrameworksBuildPhase section */

/* Begin PBXGroup section */
		8FCA449121ED73A400195959 = {
			isa = PBXGroup;
			children = (
				8FCA449C21ED73A400195959 /* Scribe-test */,
				8FCA449B21ED73A400195959 /* Products */,
			);
			sourceTree = "<group>";
		};
		8FCA449B21ED73A400195959 /* Products */ = {
			isa = PBXGroup;
			children = (
				8FCA449A21ED73A400195959 /* Scribe-test.app */,
			);
			name = Products;
			sourceTree = "<group>";
		};
		8FCA449C21ED73A400195959 /* Scribe-test */ = {
			isa = PBXGroup;
			children = (
				8FCA44B521ED784000195959 /* NoteCell.swift */,
				8FCA44AF21ED746700195959 /* PostitNoteListScreen.swift */,
				8FCA449D21ED73A400195959 /* AppDelegate.swift */,
				8FCA44A121ED73A400195959 /* Main.storyboard */,
				8FCA44B321ED772F00195959 /* PostitNote.swift */,
				8FCA44A421ED73A500195959 /* Assets.xcassets */,
				8FCA44A621ED73A500195959 /* LaunchScreen.storyboard */,
				8FCA44A921ED73A500195959 /* Info.plist */,
			);
			path = "Scribe-test";
			sourceTree = "<group>";
		};
/* End PBXGroup section */

/* Begin PBXNativeTarget section */
		8FCA449921ED73A400195959 /* Scribe-test */ = {
			isa = PBXNativeTarget;
			buildConfigurationList = 8FCA44AC21ED73A500195959 /* Build configuration list for PBXNativeTarget "Scribe-test" */;
			buildPhases = (
				8FCA449621ED73A400195959 /* Sources */,
				8FCA449721ED73A400195959 /* Frameworks */,
				8FCA449821ED73A400195959 /* Resources */,
			);
			buildRules = (
			);
			dependencies = (
			);
			name = "Scribe-test";
			productName = "Scribe-test";
			productReference = 8FCA449A21ED73A400195959 /* Scribe-test.app */;
			productType = "com.apple.product-type.application";
		};
/* End PBXNativeTarget section */

/* Begin PBXProject section */
		8FCA449221ED73A400195959 /* Project object */ = {
			isa = PBXProject;
			attributes = {
				LastSwiftUpdateCheck = 1010;
				LastUpgradeCheck = 1010;
				ORGANIZATIONNAME = "Nick He";
				TargetAttributes = {
					8FCA449921ED73A400195959 = {
						CreatedOnToolsVersion = 10.1;
					};
				};
			};
			buildConfigurationList = 8FCA449521ED73A400195959 /* Build configuration list for PBXProject "Scribe-test" */;
			compatibilityVersion = "Xcode 9.3";
			developmentRegion = en;
			hasScannedForEncodings = 0;
			knownRegions = (
				en,
				Base,
			);
			mainGroup = 8FCA449121ED73A400195959;
			productRefGroup = 8FCA449B21ED73A400195959 /* Products */;
			projectDirPath = "";
			projectRoot = "";
			targets = (
				8FCA449921ED73A400195959 /* Scribe-test */,
			);
		};
/* End PBXProject section */

/* Begin PBXResourcesBuildPhase section */
		8FCA449821ED73A400195959 /* Resources */ = {
			isa = PBXResourcesBuildPhase;
			buildActionMask = 2147483647;
			files = (
				8FCA44A821ED73A500195959 /* LaunchScreen.storyboard in Resources */,
				8FCA44A521ED73A500195959 /* Assets.xcassets in Resources */,
				8FCA44A321ED73A400195959 /* Main.storyboard in Resources */,
			);
			runOnlyForDeploymentPostprocessing = 0;
		};
/* End PBXResourcesBuildPhase section */

/* Begin PBXSourcesBuildPhase section */
		8FCA449621ED73A400195959 /* Sources */ = {
			isa = PBXSourcesBuildPhase;
			buildActionMask = 2147483647;
			files = (
				8FCA44B421ED772F00195959 /* PostitNote.swift in Sources */,
				8FCA44B021ED746700195959 /* PostitNoteListScreen.swift in Sources */,
				8FCA449E21ED73A400195959 /* AppDelegate.swift in Sources */,
				8FCA44B621ED784000195959 /* NoteCell.swift in Sources */,
			);
			runOnlyForDeploymentPostprocessing = 0;
		};
/* End PBXSourcesBuildPhase section */

/* Begin PBXVariantGroup section */
		8FCA44A121ED73A400195959 /* Main.storyboard */ = {
			isa = PBXVariantGroup;
			children = (
				8FCA44A221ED73A400195959 /* Base */,
			);
			name = Main.storyboard;
			sourceTree = "<group>";
		};
		8FCA44A621ED73A500195959 /* LaunchScreen.storyboard */ = {
			isa = PBXVariantGroup;
			children = (
				8FCA44A721ED73A500195959 /* Base */,
			);
			name = LaunchScreen.storyboard;
			sourceTree = "<group>";
		};
/* End PBXVariantGroup section */

/* Begin XCBuildConfiguration section */
		8FCA44AA21ED73A500195959 /* Debug */ = {
			isa = XCBuildConfiguration;
			buildSettings = {
				ALWAYS_SEARCH_USER_PATHS = NO;
				CLANG_ANALYZER_NONNULL = YES;
				CLANG_ANALYZER_NUMBER_OBJECT_CONVERSION = YES_AGGRESSIVE;
				CLANG_CXX_LANGUAGE_STANDARD = "gnu++14";
				CLANG_CXX_LIBRARY = "libc++";
				CLANG_ENABLE_MODULES = YES;
				CLANG_ENABLE_OBJC_ARC = YES;
				CLANG_ENABLE_OBJC_WEAK = YES;
				CLANG_WARN_BLOCK_CAPTURE_AUTORELEASING = YES;
				CLANG_WARN_BOOL_CONVERSION = YES;
				CLANG_WARN_COMMA = YES;
				CLANG_WARN_CONSTANT_CONVERSION = YES;
				CLANG_WARN_DEPRECATED_OBJC_IMPLEMENTATIONS = YES;
				CLANG_WARN_DIRECT_OBJC_ISA_USAGE = YES_ERROR;
				CLANG_WARN_DOCUMENTATION_COMMENTS = YES;
				CLANG_WARN_EMPTY_BODY = YES;
				CLANG_WARN_ENUM_CONVERSION = YES;
				CLANG_WARN_INFINITE_RECURSION = YES;
				CLANG_WARN_INT_CONVERSION = YES;
				CLANG_WARN_NON_LITERAL_NULL_CONVERSION = YES;
				CLANG_WARN_OBJC_IMPLICIT_RETAIN_SELF = YES;
				CLANG_WARN_OBJC_LITERAL_CONVERSION = YES;
				CLANG_WARN_OBJC_ROOT_CLASS = YES_ERROR;
				CLANG_WARN_RANGE_LOOP_ANALYSIS = YES;
				CLANG_WARN_STRICT_PROTOTYPES = YES;
				CLANG_WARN_SUSPICIOUS_MOVE = YES;
				CLANG_WARN_UNGUARDED_AVAILABILITY = YES_AGGRESSIVE;
				CLANG_WARN_UNREACHABLE_CODE = YES;
				CLANG_WARN__DUPLICATE_METHOD_MATCH = YES;
				CODE_SIGN_IDENTITY = "iPhone Developer";
				COPY_PHASE_STRIP = NO;
				DEBUG_INFORMATION_FORMAT = dwarf;
				ENABLE_STRICT_OBJC_MSGSEND = YES;
				ENABLE_TESTABILITY = YES;
				GCC_C_LANGUAGE_STANDARD = gnu11;
				GCC_DYNAMIC_NO_PIC = NO;
				GCC_NO_COMMON_BLOCKS = YES;
				GCC_OPTIMIZATION_LEVEL = 0;
				GCC_PREPROCESSOR_DEFINITIONS = (
					"DEBUG=1",
					"$(inherited)",
				);
				GCC_WARN_64_TO_32_BIT_CONVERSION = YES;
				GCC_WARN_ABOUT_RETURN_TYPE = YES_ERROR;
				GCC_WARN_UNDECLARED_SELECTOR = YES;
				GCC_WARN_UNINITIALIZED_AUTOS = YES_AGGRESSIVE;
				GCC_WARN_UNUSED_FUNCTION = YES;
				GCC_WARN_UNUSED_VARIABLE = YES;
				IPHONEOS_DEPLOYMENT_TARGET = 12.1;
				MTL_ENABLE_DEBUG_INFO = INCLUDE_SOURCE;
				MTL_FAST_MATH = YES;
				ONLY_ACTIVE_ARCH = YES;
				SDKROOT = iphoneos;
				SWIFT_ACTIVE_COMPILATION_CONDITIONS = DEBUG;
				SWIFT_OPTIMIZATION_LEVEL = "-Onone";
			};
			name = Debug;
		};
		8FCA44AB21ED73A500195959 /* Release */ = {
			isa = XCBuildConfiguration;
			buildSettings = {
				ALWAYS_SEARCH_USER_PATHS = NO;
				CLANG_ANALYZER_NONNULL = YES;
				CLANG_ANALYZER_NUMBER_OBJECT_CONVERSION = YES_AGGRESSIVE;
				CLANG_CXX_LANGUAGE_STANDARD = "gnu++14";
				CLANG_CXX_LIBRARY = "libc++";
				CLANG_ENABLE_MODULES = YES;
				CLANG_ENABLE_OBJC_ARC = YES;
				CLANG_ENABLE_OBJC_WEAK = YES;
				CLANG_WARN_BLOCK_CAPTURE_AUTORELEASING = YES;
				CLANG_WARN_BOOL_CONVERSION = YES;
				CLANG_WARN_COMMA = YES;
				CLANG_WARN_CONSTANT_CONVERSION = YES;
				CLANG_WARN_DEPRECATED_OBJC_IMPLEMENTATIONS = YES;
				CLANG_WARN_DIRECT_OBJC_ISA_USAGE = YES_ERROR;
				CLANG_WARN_DOCUMENTATION_COMMENTS = YES;
				CLANG_WARN_EMPTY_BODY = YES;
				CLANG_WARN_ENUM_CONVERSION = YES;
				CLANG_WARN_INFINITE_RECURSION = YES;
				CLANG_WARN_INT_CONVERSION = YES;
				CLANG_WARN_NON_LITERAL_NULL_CONVERSION = YES;
				CLANG_WARN_OBJC_IMPLICIT_RETAIN_SELF = YES;
				CLANG_WARN_OBJC_LITERAL_CONVERSION = YES;
				CLANG_WARN_OBJC_ROOT_CLASS = YES_ERROR;
				CLANG_WARN_RANGE_LOOP_ANALYSIS = YES;
				CLANG_WARN_STRICT_PROTOTYPES = YES;
				CLANG_WARN_SUSPICIOUS_MOVE = YES;
				CLANG_WARN_UNGUARDED_AVAILABILITY = YES_AGGRESSIVE;
				CLANG_WARN_UNREACHABLE_CODE = YES;
				CLANG_WARN__DUPLICATE_METHOD_MATCH = YES;
				CODE_SIGN_IDENTITY = "iPhone Developer";
				COPY_PHASE_STRIP = NO;
				DEBUG_INFORMATION_FORMAT = "dwarf-with-dsym";
				ENABLE_NS_ASSERTIONS = NO;
				ENABLE_STRICT_OBJC_MSGSEND = YES;
				GCC_C_LANGUAGE_STANDARD = gnu11;
				GCC_NO_COMMON_BLOCKS = YES;
				GCC_WARN_64_TO_32_BIT_CONVERSION = YES;
				GCC_WARN_ABOUT_RETURN_TYPE = YES_ERROR;
				GCC_WARN_UNDECLARED_SELECTOR = YES;
				GCC_WARN_UNINITIALIZED_AUTOS = YES_AGGRESSIVE;
				GCC_WARN_UNUSED_FUNCTION = YES;
				GCC_WARN_UNUSED_VARIABLE = YES;
				IPHONEOS_DEPLOYMENT_TARGET = 12.1;
				MTL_ENABLE_DEBUG_INFO = NO;
				MTL_FAST_MATH = YES;
				SDKROOT = iphoneos;
				SWIFT_COMPILATION_MODE = wholemodule;
				SWIFT_OPTIMIZATION_LEVEL = "-O";
				VALIDATE_PRODUCT = YES;
			};
			name = Release;
		};
		8FCA44AD21ED73A500195959 /* Debug */ = {
			isa = XCBuildConfiguration;
			buildSettings = {
				ASSETCATALOG_COMPILER_APPICON_NAME = AppIcon;
				CODE_SIGN_STYLE = Automatic;
				INFOPLIST_FILE = "Scribe-test/Info.plist";
				LD_RUNPATH_SEARCH_PATHS = (
					"$(inherited)",
					"@executable_path/Frameworks",
				);
				PRODUCT_BUNDLE_IDENTIFIER = "com.nickhe.Scribe-test";
				PRODUCT_NAME = "$(TARGET_NAME)";
				SWIFT_VERSION = 4.2;
				TARGETED_DEVICE_FAMILY = "1,2";
			};
			name = Debug;
		};
		8FCA44AE21ED73A500195959 /* Release */ = {
			isa = XCBuildConfiguration;
			buildSettings = {
				ASSETCATALOG_COMPILER_APPICON_NAME = AppIcon;
				CODE_SIGN_STYLE = Automatic;
				INFOPLIST_FILE = "Scribe-test/Info.plist";
				LD_RUNPATH_SEARCH_PATHS = (
					"$(inherited)",
					"@executable_path/Frameworks",
				);
				PRODUCT_BUNDLE_IDENTIFIER = "com.nickhe.Scribe-test";
				PRODUCT_NAME = "$(TARGET_NAME)";
				SWIFT_VERSION = 4.2;
				TARGETED_DEVICE_FAMILY = "1,2";
			};
			name = Release;
		};
/* End XCBuildConfiguration section */

/* Begin XCConfigurationList section */
		8FCA449521ED73A400195959 /* Build configuration list for PBXProject "Scribe-test" */ = {
			isa = XCConfigurationList;
			buildConfigurations = (
				8FCA44AA21ED73A500195959 /* Debug */,
				8FCA44AB21ED73A500195959 /* Release */,
			);
			defaultConfigurationIsVisible = 0;
			defaultConfigurationName = Release;
		};
		8FCA44AC21ED73A500195959 /* Build configuration list for PBXNativeTarget "Scribe-test" */ = {
			isa = XCConfigurationList;
			buildConfigurations = (
				8FCA44AD21ED73A500195959 /* Debug */,
				8FCA44AE21ED73A500195959 /* Release */,
			);
			defaultConfigurationIsVisible = 0;
			defaultConfigurationName = Release;
		};
/* End XCConfigurationList section */
	};
	rootObject = 8FCA449221ED73A400195959 /* Project object */;
}
